
Microsoft Visual Studio Solution File, Format Version 12.00
# Visual Studio Version 17
VisualStudioVersion = 17.1.32328.378
MinimumVisualStudioVersion = 10.0.40219.1
Project("{8BC9CEB8-8B4A-11D0-8D11-00A0C91BC942}") = "P2_SettingUpOpenGLAndCreatingAWindow", "P2_SettingUpOpenGLAndCreatingAWindow\P2_SettingUpOpenGLAndCreatingAWindow.vcxproj", "{D2BEB5C4-43A4-4674-B567-551A968493F6}"
EndProject
Project("{8BC9CEB8-8B4A-11D0-8D11-00A0C91BC942}") = "P3_UsingModernOpenGLInC++", "P3_UsingModernOpenGLInC++\P3_UsingModernOpenGLInC++.vcxproj", "{FB0AAEC2-064B-4480-82C7-938B0A748B10}"
EndProject
Project("{8BC9CEB8-8B4A-11D0-8D11-00A0C91BC942}") = "P4_VertexBuffersAndDrawingATriangleInOpenGL", "P4_VertexBuffersAndDrawingATriangleInOpenGL\P4_VertexBuffersAndDrawingATriangleInOpenGL.vcxproj", "{314E5A96-324D-4F8A-B9EA-F4B9EAF6627A}"
EndProject
Project("{8BC9CEB8-8B4A-11D0-8D11-00A0C91BC942}") = "P5_VertexAttributesAndLayoutsInOpenGL", "P5_VertexAttributesAndLayoutsInOpenGL\P5_VertexAttributesAndLayoutsInOpenGL.vcxproj", "{6FB39F5E-0B0B-44B5-8917-C61ADB1DC7F0}"
EndProject
Project("{8BC9CEB8-8B4A-11D0-8D11-00A0C91BC942}") = "P7_WritingAShaderInOpenGL", "P6_HowShadersWorkInOpenGL\P6_HowShadersWorkInOpenGL.vcxproj", "{9A1B4D8A-0654-41C5-8C4F-8480FD3332B8}"
EndProject
Project("{8BC9CEB8-8B4A-11D0-8D11-00A0C91BC942}") = "P8_HowIDealWithShadersInOpenGL", "P8_HowIDealWithShadersInOpenGL\P8_HowIDealWithShadersInOpenGL.vcxproj", "{1BBF85EF-61AA-4185-8AC5-DB16AA42FBB5}"
EndProject
Project("{8BC9CEB8-8B4A-11D0-8D11-00A0C91BC942}") = "P9_IndexBuffersInOpenGL", "P9_IndexBuffersInOpenGL\P9_IndexBuffersInOpenGL.vcxproj", "{A845CCAD-A6E7-4905-9854-417C7C52BB63}"
EndProject
Project("{8BC9CEB8-8B4A-11D0-8D11-00A0C91BC942}") = "P10_DealingWithErrorsInOpenGL", "P10_DealingWithErrorsInOpenGL\P10_DealingWithErrorsInOpenGL.vcxproj", "{42D5AFCB-FEE8-4E7C-AD48-486A4300C89E}"
EndProject
Project("{8BC9CEB8-8B4A-11D0-8D11-00A0C91BC942}") = "P11_UniformsInOpenGL", "P11_UniformsInOpenGL\P11_UniformsInOpenGL.vcxproj", "{074D4E4B-C714-4265-8DED-0231EB43157A}"
EndProject
Project("{8BC9CEB8-8B4A-11D0-8D11-00A0C91BC942}") = "P12_VertexArraysInOpenGL", "P12_VertexArraysInOpenGL\P12_VertexArraysInOpenGL.vcxproj", "{B47C98AA-0D16-43C1-AD87-D1A76548EE3D}"
EndProject
Project("{8BC9CEB8-8B4A-11D0-8D11-00A0C91BC942}") = "P13_AbstractingOpenGLIntoClasses", "P13_AbstractingOpenGLIntoClasses\P13_AbstractingOpenGLIntoClasses.vcxproj", "{D784CC58-C84C-4458-B0D9-CB5EC8FABC21}"
EndProject
Project("{8BC9CEB8-8B4A-11D0-8D11-00A0C91BC942}") = "P14_BufferLayoutAbstractionInOpenGL", "P14_BufferLayoutAbstractionInOpenGL\P14_BufferLayoutAbstractionInOpenGL.vcxproj", "{A4D3CAC0-9D6E-4F00-A3AF-E50FACFE8AB0}"
EndProject
Project("{8BC9CEB8-8B4A-11D0-8D11-00A0C91BC942}") = "P15_ShaderAbstractionInOpenGL", "P15_ShaderAbstractionInOpenGL\P15_ShaderAbstractionInOpenGL.vcxproj", "{CB27BDEB-4595-4205-B5B2-BCFA7C79BD43}"
EndProject
Project("{8BC9CEB8-8B4A-11D0-8D11-00A0C91BC942}") = "P16_WritingABasicRendererInOpenGL", "P16_WritingABasicRendererInOpenGL\P16_WritingABasicRendererInOpenGL.vcxproj", "{4C4467E1-2A9A-419C-8AEF-3A2F781E1746}"
EndProject
Project("{8BC9CEB8-8B4A-11D0-8D11-00A0C91BC942}") = "P17_TexturesInOpenGL", "P17_TexturesInOpenGL\P17_TexturesInOpenGL.vcxproj", "{8313D72F-A30C-48DD-A44B-67E6BB34077D}"
EndProject
Project("{8BC9CEB8-8B4A-11D0-8D11-00A0C91BC942}") = "P19_MathsInOpenGL", "P19_MathsInOpenGL\P19_MathsInOpenGL.vcxproj", "{53495FFF-2E54-4BD4-89BB-B4D935148A97}"
EndProject
Project("{8BC9CEB8-8B4A-11D0-8D11-00A0C91BC942}") = "P20_ProjectionMatricesInOpenGL", "P20_ProjectionMatricesInOpenGL\P20_ProjectionMatricesInOpenGL.vcxproj", "{0F97CD0F-4D79-48FD-A0F8-07260535FDCD}"
EndProject
Project("{8BC9CEB8-8B4A-11D0-8D11-00A0C91BC942}") = "P21_ModelViewProjectionMatricesInOpenGL", "P21_ModelViewProjectionMatricesInOpenGL\P21_ModelViewProjectionMatricesInOpenGL.vcxproj", "{2553597C-4023-4973-9921-26EFECFB982F}"
EndProject
Project("{8BC9CEB8-8B4A-11D0-8D11-00A0C91BC942}") = "P22_ImGuiInOpenGL", "P22_ImGuiInOpenGL\P22_ImGuiInOpenGL.vcxproj", "{5AB2158A-73E7-4BEF-976B-BB0EAB27B02F}"
EndProject
Project("{8BC9CEB8-8B4A-11D0-8D11-00A0C91BC942}") = "P23_RenderingMultipleObjectsInOpenGL", "P23_RenderingMultipleObjectsInOpenGL\P23_RenderingMultipleObjectsInOpenGL.vcxproj", "{AE9DEE69-7AF0-478E-9CBA-970582EF7D61}"
EndProject
Global
	GlobalSection(SolutionConfigurationPlatforms) = preSolution
		Debug|x64 = Debug|x64
		Debug|x86 = Debug|x86
		Release|x64 = Release|x64
		Release|x86 = Release|x86
	EndGlobalSection
	GlobalSection(ProjectConfigurationPlatforms) = postSolution
		{D2BEB5C4-43A4-4674-B567-551A968493F6}.Debug|x64.ActiveCfg = Debug|Win32
		{D2BEB5C4-43A4-4674-B567-551A968493F6}.Debug|x64.Build.0 = Debug|Win32
		{D2BEB5C4-43A4-4674-B567-551A968493F6}.Debug|x86.ActiveCfg = Debug|Win32
		{D2BEB5C4-43A4-4674-B567-551A968493F6}.Debug|x86.Build.0 = Debug|Win32
		{D2BEB5C4-43A4-4674-B567-551A968493F6}.Release|x64.ActiveCfg = Release|Win32
		{D2BEB5C4-43A4-4674-B567-551A968493F6}.Release|x64.Build.0 = Release|Win32
		{D2BEB5C4-43A4-4674-B567-551A968493F6}.Release|x86.ActiveCfg = Release|Win32
		{D2BEB5C4-43A4-4674-B567-551A968493F6}.Release|x86.Build.0 = Release|Win32
		{FB0AAEC2-064B-4480-82C7-938B0A748B10}.Debug|x64.ActiveCfg = Debug|Win32
		{FB0AAEC2-064B-4480-82C7-938B0A748B10}.Debug|x64.Build.0 = Debug|Win32
		{FB0AAEC2-064B-4480-82C7-938B0A748B10}.Debug|x86.ActiveCfg = Debug|Win32
		{FB0AAEC2-064B-4480-82C7-938B0A748B10}.Debug|x86.Build.0 = Debug|Win32
		{FB0AAEC2-064B-4480-82C7-938B0A748B10}.Release|x64.ActiveCfg = Release|Win32
		{FB0AAEC2-064B-4480-82C7-938B0A748B10}.Release|x64.Build.0 = Release|Win32
		{FB0AAEC2-064B-4480-82C7-938B0A748B10}.Release|x86.ActiveCfg = Release|Win32
		{FB0AAEC2-064B-4480-82C7-938B0A748B10}.Release|x86.Build.0 = Release|Win32
		{314E5A96-324D-4F8A-B9EA-F4B9EAF6627A}.Debug|x64.ActiveCfg = Debug|Win32
		{314E5A96-324D-4F8A-B9EA-F4B9EAF6627A}.Debug|x86.ActiveCfg = Debug|Win32
		{314E5A96-324D-4F8A-B9EA-F4B9EAF6627A}.Debug|x86.Build.0 = Debug|Win32
		{314E5A96-324D-4F8A-B9EA-F4B9EAF6627A}.Release|x64.ActiveCfg = Release|Win32
		{314E5A96-324D-4F8A-B9EA-F4B9EAF6627A}.Release|x86.ActiveCfg = Release|Win32
		{314E5A96-324D-4F8A-B9EA-F4B9EAF6627A}.Release|x86.Build.0 = Release|Win32
		{6FB39F5E-0B0B-44B5-8917-C61ADB1DC7F0}.Debug|x64.ActiveCfg = Debug|Win32
		{6FB39F5E-0B0B-44B5-8917-C61ADB1DC7F0}.Debug|x86.ActiveCfg = Debug|Win32
		{6FB39F5E-0B0B-44B5-8917-C61ADB1DC7F0}.Debug|x86.Build.0 = Debug|Win32
		{6FB39F5E-0B0B-44B5-8917-C61ADB1DC7F0}.Release|x64.ActiveCfg = Release|Win32
		{6FB39F5E-0B0B-44B5-8917-C61ADB1DC7F0}.Release|x86.ActiveCfg = Release|Win32
		{6FB39F5E-0B0B-44B5-8917-C61ADB1DC7F0}.Release|x86.Build.0 = Release|Win32
		{9A1B4D8A-0654-41C5-8C4F-8480FD3332B8}.Debug|x64.ActiveCfg = Debug|Win32
		{9A1B4D8A-0654-41C5-8C4F-8480FD3332B8}.Debug|x86.ActiveCfg = Debug|Win32
		{9A1B4D8A-0654-41C5-8C4F-8480FD3332B8}.Debug|x86.Build.0 = Debug|Win32
		{9A1B4D8A-0654-41C5-8C4F-8480FD3332B8}.Release|x64.ActiveCfg = Release|Win32
		{9A1B4D8A-0654-41C5-8C4F-8480FD3332B8}.Release|x86.ActiveCfg = Release|Win32
		{9A1B4D8A-0654-41C5-8C4F-8480FD3332B8}.Release|x86.Build.0 = Release|Win32
		{1BBF85EF-61AA-4185-8AC5-DB16AA42FBB5}.Debug|x64.ActiveCfg = Debug|Win32
		{1BBF85EF-61AA-4185-8AC5-DB16AA42FBB5}.Debug|x86.ActiveCfg = Debug|Win32
		{1BBF85EF-61AA-4185-8AC5-DB16AA42FBB5}.Debug|x86.Build.0 = Debug|Win32
		{1BBF85EF-61AA-4185-8AC5-DB16AA42FBB5}.Release|x64.ActiveCfg = Release|Win32
		{1BBF85EF-61AA-4185-8AC5-DB16AA42FBB5}.Release|x86.ActiveCfg = Release|Win32
		{1BBF85EF-61AA-4185-8AC5-DB16AA42FBB5}.Release|x86.Build.0 = Release|Win32
		{A845CCAD-A6E7-4905-9854-417C7C52BB63}.Debug|x64.ActiveCfg = Debug|Win32
		{A845CCAD-A6E7-4905-9854-417C7C52BB63}.Debug|x86.ActiveCfg = Debug|Win32
		{A845CCAD-A6E7-4905-9854-417C7C52BB63}.Debug|x86.Build.0 = Debug|Win32
		{A845CCAD-A6E7-4905-9854-417C7C52BB63}.Release|x64.ActiveCfg = Release|Win32
		{A845CCAD-A6E7-4905-9854-417C7C52BB63}.Release|x86.ActiveCfg = Release|Win32
		{A845CCAD-A6E7-4905-9854-417C7C52BB63}.Release|x86.Build.0 = Release|Win32
		{42D5AFCB-FEE8-4E7C-AD48-486A4300C89E}.Debug|x64.ActiveCfg = Debug|Win32
		{42D5AFCB-FEE8-4E7C-AD48-486A4300C89E}.Debug|x64.Build.0 = Debug|Win32
		{42D5AFCB-FEE8-4E7C-AD48-486A4300C89E}.Debug|x86.ActiveCfg = Debug|Win32
		{42D5AFCB-FEE8-4E7C-AD48-486A4300C89E}.Debug|x86.Build.0 = Debug|Win32
		{42D5AFCB-FEE8-4E7C-AD48-486A4300C89E}.Release|x64.ActiveCfg = Release|Win32
		{42D5AFCB-FEE8-4E7C-AD48-486A4300C89E}.Release|x64.Build.0 = Release|Win32
		{42D5AFCB-FEE8-4E7C-AD48-486A4300C89E}.Release|x86.ActiveCfg = Release|Win32
		{42D5AFCB-FEE8-4E7C-AD48-486A4300C89E}.Release|x86.Build.0 = Release|Win32
		{074D4E4B-C714-4265-8DED-0231EB43157A}.Debug|x64.ActiveCfg = Debug|Win32
		{074D4E4B-C714-4265-8DED-0231EB43157A}.Debug|x64.Build.0 = Debug|Win32
		{074D4E4B-C714-4265-8DED-0231EB43157A}.Debug|x86.ActiveCfg = Debug|Win32
		{074D4E4B-C714-4265-8DED-0231EB43157A}.Debug|x86.Build.0 = Debug|Win32
		{074D4E4B-C714-4265-8DED-0231EB43157A}.Release|x64.ActiveCfg = Release|Win32
		{074D4E4B-C714-4265-8DED-0231EB43157A}.Release|x64.Build.0 = Release|Win32
		{074D4E4B-C714-4265-8DED-0231EB43157A}.Release|x86.ActiveCfg = Release|Win32
		{074D4E4B-C714-4265-8DED-0231EB43157A}.Release|x86.Build.0 = Release|Win32
		{B47C98AA-0D16-43C1-AD87-D1A76548EE3D}.Debug|x64.ActiveCfg = Debug|Win32
		{B47C98AA-0D16-43C1-AD87-D1A76548EE3D}.Debug|x64.Build.0 = Debug|Win32
		{B47C98AA-0D16-43C1-AD87-D1A76548EE3D}.Debug|x86.ActiveCfg = Debug|Win32
		{B47C98AA-0D16-43C1-AD87-D1A76548EE3D}.Debug|x86.Build.0 = Debug|Win32
		{B47C98AA-0D16-43C1-AD87-D1A76548EE3D}.Release|x64.ActiveCfg = Release|Win32
		{B47C98AA-0D16-43C1-AD87-D1A76548EE3D}.Release|x64.Build.0 = Release|Win32
		{B47C98AA-0D16-43C1-AD87-D1A76548EE3D}.Release|x86.ActiveCfg = Release|Win32
		{B47C98AA-0D16-43C1-AD87-D1A76548EE3D}.Release|x86.Build.0 = Release|Win32
		{D784CC58-C84C-4458-B0D9-CB5EC8FABC21}.Debug|x64.ActiveCfg = Debug|Win32
		{D784CC58-C84C-4458-B0D9-CB5EC8FABC21}.Debug|x64.Build.0 = Debug|Win32
		{D784CC58-C84C-4458-B0D9-CB5EC8FABC21}.Debug|x86.ActiveCfg = Debug|Win32
		{D784CC58-C84C-4458-B0D9-CB5EC8FABC21}.Debug|x86.Build.0 = Debug|Win32
		{D784CC58-C84C-4458-B0D9-CB5EC8FABC21}.Release|x64.ActiveCfg = Release|Win32
		{D784CC58-C84C-4458-B0D9-CB5EC8FABC21}.Release|x64.Build.0 = Release|Win32
		{D784CC58-C84C-4458-B0D9-CB5EC8FABC21}.Release|x86.ActiveCfg = Release|Win32
		{D784CC58-C84C-4458-B0D9-CB5EC8FABC21}.Release|x86.Build.0 = Release|Win32
		{A4D3CAC0-9D6E-4F00-A3AF-E50FACFE8AB0}.Debug|x64.ActiveCfg = Debug|Win32
		{A4D3CAC0-9D6E-4F00-A3AF-E50FACFE8AB0}.Debug|x64.Build.0 = Debug|Win32
		{A4D3CAC0-9D6E-4F00-A3AF-E50FACFE8AB0}.Debug|x86.ActiveCfg = Debug|Win32
		{A4D3CAC0-9D6E-4F00-A3AF-E50FACFE8AB0}.Debug|x86.Build.0 = Debug|Win32
		{A4D3CAC0-9D6E-4F00-A3AF-E50FACFE8AB0}.Release|x64.ActiveCfg = Release|Win32
		{A4D3CAC0-9D6E-4F00-A3AF-E50FACFE8AB0}.Release|x64.Build.0 = Release|Win32
		{A4D3CAC0-9D6E-4F00-A3AF-E50FACFE8AB0}.Release|x86.ActiveCfg = Release|Win32
		{A4D3CAC0-9D6E-4F00-A3AF-E50FACFE8AB0}.Release|x86.Build.0 = Release|Win32
		{CB27BDEB-4595-4205-B5B2-BCFA7C79BD43}.Debug|x64.ActiveCfg = Debug|Win32
		{CB27BDEB-4595-4205-B5B2-BCFA7C79BD43}.Debug|x64.Build.0 = Debug|Win32
		{CB27BDEB-4595-4205-B5B2-BCFA7C79BD43}.Debug|x86.ActiveCfg = Debug|Win32
		{CB27BDEB-4595-4205-B5B2-BCFA7C79BD43}.Debug|x86.Build.0 = Debug|Win32
		{CB27BDEB-4595-4205-B5B2-BCFA7C79BD43}.Release|x64.ActiveCfg = Release|Win32
		{CB27BDEB-4595-4205-B5B2-BCFA7C79BD43}.Release|x64.Build.0 = Release|Win32
		{CB27BDEB-4595-4205-B5B2-BCFA7C79BD43}.Release|x86.ActiveCfg = Release|Win32
		{CB27BDEB-4595-4205-B5B2-BCFA7C79BD43}.Release|x86.Build.0 = Release|Win32
		{4C4467E1-2A9A-419C-8AEF-3A2F781E1746}.Debug|x64.ActiveCfg = Debug|Win32
		{4C4467E1-2A9A-419C-8AEF-3A2F781E1746}.Debug|x64.Build.0 = Debug|Win32
		{4C4467E1-2A9A-419C-8AEF-3A2F781E1746}.Debug|x86.ActiveCfg = Debug|Win32
		{4C4467E1-2A9A-419C-8AEF-3A2F781E1746}.Debug|x86.Build.0 = Debug|Win32
		{4C4467E1-2A9A-419C-8AEF-3A2F781E1746}.Release|x64.ActiveCfg = Release|Win32
		{4C4467E1-2A9A-419C-8AEF-3A2F781E1746}.Release|x64.Build.0 = Release|Win32
		{4C4467E1-2A9A-419C-8AEF-3A2F781E1746}.Release|x86.ActiveCfg = Release|Win32
		{4C4467E1-2A9A-419C-8AEF-3A2F781E1746}.Release|x86.Build.0 = Release|Win32
		{8313D72F-A30C-48DD-A44B-67E6BB34077D}.Debug|x64.ActiveCfg = Debug|Win32
		{8313D72F-A30C-48DD-A44B-67E6BB34077D}.Debug|x64.Build.0 = Debug|Win32
		{8313D72F-A30C-48DD-A44B-67E6BB34077D}.Debug|x86.ActiveCfg = Debug|Win32
		{8313D72F-A30C-48DD-A44B-67E6BB34077D}.Debug|x86.Build.0 = Debug|Win32
		{8313D72F-A30C-48DD-A44B-67E6BB34077D}.Release|x64.ActiveCfg = Release|Win32
		{8313D72F-A30C-48DD-A44B-67E6BB34077D}.Release|x64.Build.0 = Release|Win32
		{8313D72F-A30C-48DD-A44B-67E6BB34077D}.Release|x86.ActiveCfg = Release|Win32
		{8313D72F-A30C-48DD-A44B-67E6BB34077D}.Release|x86.Build.0 = Release|Win32
		{53495FFF-2E54-4BD4-89BB-B4D935148A97}.Debug|x64.ActiveCfg = Debug|Win32
		{53495FFF-2E54-4BD4-89BB-B4D935148A97}.Debug|x64.Build.0 = Debug|Win32
		{53495FFF-2E54-4BD4-89BB-B4D935148A97}.Debug|x86.ActiveCfg = Debug|Win32
		{53495FFF-2E54-4BD4-89BB-B4D935148A97}.Debug|x86.Build.0 = Debug|Win32
		{53495FFF-2E54-4BD4-89BB-B4D935148A97}.Release|x64.ActiveCfg = Release|Win32
		{53495FFF-2E54-4BD4-89BB-B4D935148A97}.Release|x64.Build.0 = Release|Win32
		{53495FFF-2E54-4BD4-89BB-B4D935148A97}.Release|x86.ActiveCfg = Release|Win32
		{53495FFF-2E54-4BD4-89BB-B4D935148A97}.Release|x86.Build.0 = Release|Win32
		{0F97CD0F-4D79-48FD-A0F8-07260535FDCD}.Debug|x64.ActiveCfg = Debug|Win32
		{0F97CD0F-4D79-48FD-A0F8-07260535FDCD}.Debug|x64.Build.0 = Debug|Win32
		{0F97CD0F-4D79-48FD-A0F8-07260535FDCD}.Debug|x86.ActiveCfg = Debug|Win32
		{0F97CD0F-4D79-48FD-A0F8-07260535FDCD}.Debug|x86.Build.0 = Debug|Win32
		{0F97CD0F-4D79-48FD-A0F8-07260535FDCD}.Release|x64.ActiveCfg = Release|Win32
		{0F97CD0F-4D79-48FD-A0F8-07260535FDCD}.Release|x64.Build.0 = Release|Win32
		{0F97CD0F-4D79-48FD-A0F8-07260535FDCD}.Release|x86.ActiveCfg = Release|Win32
		{0F97CD0F-4D79-48FD-A0F8-07260535FDCD}.Release|x86.Build.0 = Release|Win32
		{2553597C-4023-4973-9921-26EFECFB982F}.Debug|x64.ActiveCfg = Debug|Win32
		{2553597C-4023-4973-9921-26EFECFB982F}.Debug|x64.Build.0 = Debug|Win32
		{2553597C-4023-4973-9921-26EFECFB982F}.Debug|x86.ActiveCfg = Debug|Win32
		{2553597C-4023-4973-9921-26EFECFB982F}.Debug|x86.Build.0 = Debug|Win32
		{2553597C-4023-4973-9921-26EFECFB982F}.Release|x64.ActiveCfg = Release|Win32
		{2553597C-4023-4973-9921-26EFECFB982F}.Release|x64.Build.0 = Release|Win32
		{2553597C-4023-4973-9921-26EFECFB982F}.Release|x86.ActiveCfg = Release|Win32
		{2553597C-4023-4973-9921-26EFECFB982F}.Release|x86.Build.0 = Release|Win32
		{5AB2158A-73E7-4BEF-976B-BB0EAB27B02F}.Debug|x64.ActiveCfg = Debug|Win32
		{5AB2158A-73E7-4BEF-976B-BB0EAB27B02F}.Debug|x64.Build.0 = Debug|Win32
		{5AB2158A-73E7-4BEF-976B-BB0EAB27B02F}.Debug|x86.ActiveCfg = Debug|Win32
		{5AB2158A-73E7-4BEF-976B-BB0EAB27B02F}.Debug|x86.Build.0 = Debug|Win32
		{5AB2158A-73E7-4BEF-976B-BB0EAB27B02F}.Release|x64.ActiveCfg = Release|Win32
		{5AB2158A-73E7-4BEF-976B-BB0EAB27B02F}.Release|x64.Build.0 = Release|Win32
		{5AB2158A-73E7-4BEF-976B-BB0EAB27B02F}.Release|x86.ActiveCfg = Release|Win32
		{5AB2158A-73E7-4BEF-976B-BB0EAB27B02F}.Release|x86.Build.0 = Release|Win32
		{AE9DEE69-7AF0-478E-9CBA-970582EF7D61}.Debug|x64.ActiveCfg = Debug|Win32
		{AE9DEE69-7AF0-478E-9CBA-970582EF7D61}.Debug|x64.Build.0 = Debug|Win32
		{AE9DEE69-7AF0-478E-9CBA-970582EF7D61}.Debug|x86.ActiveCfg = Debug|Win32
		{AE9DEE69-7AF0-478E-9CBA-970582EF7D61}.Debug|x86.Build.0 = Debug|Win32
		{AE9DEE69-7AF0-478E-9CBA-970582EF7D61}.Release|x64.ActiveCfg = Release|Win32
		{AE9DEE69-7AF0-478E-9CBA-970582EF7D61}.Release|x64.Build.0 = Release|Win32
		{AE9DEE69-7AF0-478E-9CBA-970582EF7D61}.Release|x86.ActiveCfg = Release|Win32
		{AE9DEE69-7AF0-478E-9CBA-970582EF7D61}.Release|x86.Build.0 = Release|Win32
	EndGlobalSection
	GlobalSection(SolutionProperties) = preSolution
		HideSolutionNode = FALSE
	EndGlobalSection
	GlobalSection(ExtensibilityGlobals) = postSolution
		SolutionGuid = {EBDBEBE7-DD8D-49D7-9C6D-54DCD7A39168}
	EndGlobalSection
EndGlobal
