<?xml version="1.0" encoding="utf-8"?>
<Project ToolsVersion="4.0" xmlns="http://schemas.microsoft.com/developer/msbuild/2003">
  <ItemGroup>
    <ClCompile Include="src\Application.cpp" />
    <ClCompile Include="src\Renderer.cpp" />
    <ClCompile Include="src\VertexBuffer.cpp" />
    <ClCompile Include="src\IndexBuffer.cpp" />
    <ClCompile Include="src\VertexArray.cpp" />
    <ClCompile Include="src\Shader.cpp" />
  </ItemGroup>
  <ItemGroup>
    <None Include="res\shaders\Basic.shader" />
  </ItemGroup>
  <ItemGroup>
    <ClInclude Include="src\Renderer.h" />
    <ClInclude Include="src\VertexBuffer.h" />
    <ClInclude Include="src\IndexBuffer.h" />
    <ClInclude Include="src\VertexArray.h" />
    <ClInclude Include="src\VertexBufferLayout.h" />
    <ClInclude Include="src\Shader.h" />
  </ItemGroup>
</Project>